
Microsoft Visual Studio Solution File, Format Version 12.00
# Visual Studio Version 16
VisualStudioVersion = 16.0.30503.244
MinimumVisualStudioVersion = 10.0.40219.1
Project("{FAE04EC0-301F-11D3-BF4B-00C04F79EFBC}") = "HomeworkDOTNET3", "HomeworkDOTNET3\HomeworkDOTNET3.csproj", "{FA573B03-2F64-443D-B526-341C32EE59B4}"
EndProject
Project("{FAE04EC0-301F-11D3-BF4B-00C04F79EFBC}") = "HomeworkDOTNET3Tests1", "HomeworkDOTNET3Tests1\HomeworkDOTNET3Tests1.csproj", "{1D51953D-AE20-4A23-94FC-BCED84459049}"
EndProject
Global
	GlobalSection(SolutionConfigurationPlatforms) = preSolution
		Debug|Any CPU = Debug|Any CPU
		Release|Any CPU = Release|Any CPU
	EndGlobalSection
	GlobalSection(ProjectConfigurationPlatforms) = postSolution
		{FA573B03-2F64-443D-B526-341C32EE59B4}.Debug|Any CPU.ActiveCfg = Debug|Any CPU
		{FA573B03-2F64-443D-B526-341C32EE59B4}.Debug|Any CPU.Build.0 = Debug|Any CPU
		{FA573B03-2F64-443D-B526-341C32EE59B4}.Release|Any CPU.ActiveCfg = Release|Any CPU
		{FA573B03-2F64-443D-B526-341C32EE59B4}.Release|Any CPU.Build.0 = Release|Any CPU
		{1D51953D-AE20-4A23-94FC-BCED84459049}.Debug|Any CPU.ActiveCfg = Debug|Any CPU
		{1D51953D-AE20-4A23-94FC-BCED84459049}.Debug|Any CPU.Build.0 = Debug|Any CPU
		{1D51953D-AE20-4A23-94FC-BCED84459049}.Release|Any CPU.ActiveCfg = Release|Any CPU
		{1D51953D-AE20-4A23-94FC-BCED84459049}.Release|Any CPU.Build.0 = Release|Any CPU
	EndGlobalSection
	GlobalSection(SolutionProperties) = preSolution
		HideSolutionNode = FALSE
	EndGlobalSection
	GlobalSection(ExtensibilityGlobals) = postSolution
		SolutionGuid = {F77E8342-72E6-4CFA-A3F2-2AEEC31F51A3}
	EndGlobalSection
EndGlobal
